
Microsoft Visual Studio Solution File, Format Version 12.00
# Visual Studio Version 16
VisualStudioVersion = 16.0.31025.194
MinimumVisualStudioVersion = 10.0.40219.1
Project("{9A19103F-16F7-4668-BE54-9A1E7A4F7556}") = "Api.SysAquarismo", "..\..\..\ProjetoWebSysAquarismo\API\Project.Api.SysAquarismo\Api.SysAquarismo\Api.SysAquarismo.csproj", "{D06CC8DA-C5F0-46BE-AF8B-748DB50412F5}"
EndProject
Global
	GlobalSection(SolutionConfigurationPlatforms) = preSolution
		Debug|Any CPU = Debug|Any CPU
		Release|Any CPU = Release|Any CPU
	EndGlobalSection
	GlobalSection(ProjectConfigurationPlatforms) = postSolution
		{D06CC8DA-C5F0-46BE-AF8B-748DB50412F5}.Debug|Any CPU.ActiveCfg = Debug|Any CPU
		{D06CC8DA-C5F0-46BE-AF8B-748DB50412F5}.Debug|Any CPU.Build.0 = Debug|Any CPU
		{D06CC8DA-C5F0-46BE-AF8B-748DB50412F5}.Release|Any CPU.ActiveCfg = Release|Any CPU
		{D06CC8DA-C5F0-46BE-AF8B-748DB50412F5}.Release|Any CPU.Build.0 = Release|Any CPU
	EndGlobalSection
	GlobalSection(SolutionProperties) = preSolution
		HideSolutionNode = FALSE
	EndGlobalSection
	GlobalSection(ExtensibilityGlobals) = postSolution
		SolutionGuid = {D5673688-319C-46B2-B22E-C0B05013507D}
	EndGlobalSection
EndGlobal
